// !$*UTF8*$!
{
	archiveVersion = 1;
	classes = {
	};
	objectVersion = 50;
	objects = {

/* Begin PBXBuildFile section */
		186085C92410452500652C4D /* AppDelegate.swift in Sources */ = {isa = PBXBuildFile; fileRef = 186085C82410452500652C4D /* AppDelegate.swift */; };
		186085CB2410452500652C4D /* SceneDelegate.swift in Sources */ = {isa = PBXBuildFile; fileRef = 186085CA2410452500652C4D /* SceneDelegate.swift */; };
		186085CD2410452500652C4D /* ViewController.swift in Sources */ = {isa = PBXBuildFile; fileRef = 186085CC2410452500652C4D /* ViewController.swift */; };
		186085D02410452500652C4D /* Main.storyboard in Resources */ = {isa = PBXBuildFile; fileRef = 186085CE2410452500652C4D /* Main.storyboard */; };
		186085D22410452900652C4D /* Assets.xcassets in Resources */ = {isa = PBXBuildFile; fileRef = 186085D12410452900652C4D /* Assets.xcassets */; };
		186085D52410452900652C4D /* LaunchScreen.storyboard in Resources */ = {isa = PBXBuildFile; fileRef = 186085D32410452900652C4D /* LaunchScreen.storyboard */; };
		186085DD2410453A00652C4D /* BottomReachedTrigger.swift in Sources */ = {isa = PBXBuildFile; fileRef = 186085DC2410453A00652C4D /* BottomReachedTrigger.swift */; };
		EBBFC01768AA1FE25F8B8512 /* Pods_ExRx.framework in Frameworks */ = {isa = PBXBuildFile; fileRef = 973F66254AD5634983622630 /* Pods_ExRx.framework */; };
/* End PBXBuildFile section */

/* Begin PBXFileReference section */
		0B1A2818453527446257F3C0 /* Pods-ExRx.debug.xcconfig */ = {isa = PBXFileReference; includeInIndex = 1; lastKnownFileType = text.xcconfig; name = "Pods-ExRx.debug.xcconfig"; path = "Target Support Files/Pods-ExRx/Pods-ExRx.debug.xcconfig"; sourceTree = "<group>"; };
		186085C52410452500652C4D /* ExRx.app */ = {isa = PBXFileReference; explicitFileType = wrapper.application; includeInIndex = 0; path = ExRx.app; sourceTree = BUILT_PRODUCTS_DIR; };
		186085C82410452500652C4D /* AppDelegate.swift */ = {isa = PBXFileReference; lastKnownFileType = sourcecode.swift; path = AppDelegate.swift; sourceTree = "<group>"; };
		186085CA2410452500652C4D /* SceneDelegate.swift */ = {isa = PBXFileReference; lastKnownFileType = sourcecode.swift; path = SceneDelegate.swift; sourceTree = "<group>"; };
		186085CC2410452500652C4D /* ViewController.swift */ = {isa = PBXFileReference; lastKnownFileType = sourcecode.swift; path = ViewController.swift; sourceTree = "<group>"; };
		186085CF2410452500652C4D /* Base */ = {isa = PBXFileReference; lastKnownFileType = file.storyboard; name = Base; path = Base.lproj/Main.storyboard; sourceTree = "<group>"; };
		186085D12410452900652C4D /* Assets.xcassets */ = {isa = PBXFileReference; lastKnownFileType = folder.assetcatalog; path = Assets.xcassets; sourceTree = "<group>"; };
		186085D42410452900652C4D /* Base */ = {isa = PBXFileReference; lastKnownFileType = file.storyboard; name = Base; path = Base.lproj/LaunchScreen.storyboard; sourceTree = "<group>"; };
		186085D62410452900652C4D /* Info.plist */ = {isa = PBXFileReference; lastKnownFileType = text.plist.xml; path = Info.plist; sourceTree = "<group>"; };
		186085DC2410453A00652C4D /* BottomReachedTrigger.swift */ = {isa = PBXFileReference; lastKnownFileType = sourcecode.swift; path = BottomReachedTrigger.swift; sourceTree = "<group>"; };
		5DEFBBE3233F4F70E368B5F6 /* Pods-ExRx.release.xcconfig */ = {isa = PBXFileReference; includeInIndex = 1; lastKnownFileType = text.xcconfig; name = "Pods-ExRx.release.xcconfig"; path = "Target Support Files/Pods-ExRx/Pods-ExRx.release.xcconfig"; sourceTree = "<group>"; };
		973F66254AD5634983622630 /* Pods_ExRx.framework */ = {isa = PBXFileReference; explicitFileType = wrapper.framework; includeInIndex = 0; path = Pods_ExRx.framework; sourceTree = BUILT_PRODUCTS_DIR; };
/* End PBXFileReference section */

/* Begin PBXFrameworksBuildPhase section */
		186085C22410452500652C4D /* Frameworks */ = {
			isa = PBXFrameworksBuildPhase;
			buildActionMask = 2147483647;
			files = (
				EBBFC01768AA1FE25F8B8512 /* Pods_ExRx.framework in Frameworks */,
			);
			runOnlyForDeploymentPostprocessing = 0;
		};
/* End PBXFrameworksBuildPhase section */

/* Begin PBXGroup section */
		186085BC2410452500652C4D = {
			isa = PBXGroup;
			children = (
				186085C72410452500652C4D /* ExRx */,
				186085C62410452500652C4D /* Products */,
				94261EEB2BBABCF5E26B4AA9 /* Pods */,
				D305E13AB6BF1C9CCB0C030C /* Frameworks */,
			);
			sourceTree = "<group>";
		};
		186085C62410452500652C4D /* Products */ = {
			isa = PBXGroup;
			children = (
				186085C52410452500652C4D /* ExRx.app */,
			);
			name = Products;
			sourceTree = "<group>";
		};
		186085C72410452500652C4D /* ExRx */ = {
			isa = PBXGroup;
			children = (
				186085C82410452500652C4D /* AppDelegate.swift */,
				186085CA2410452500652C4D /* SceneDelegate.swift */,
				186085DC2410453A00652C4D /* BottomReachedTrigger.swift */,
				186085CC2410452500652C4D /* ViewController.swift */,
				186085CE2410452500652C4D /* Main.storyboard */,
				186085D12410452900652C4D /* Assets.xcassets */,
				186085D32410452900652C4D /* LaunchScreen.storyboard */,
				186085D62410452900652C4D /* Info.plist */,
			);
			path = ExRx;
			sourceTree = "<group>";
		};
		94261EEB2BBABCF5E26B4AA9 /* Pods */ = {
			isa = PBXGroup;
			children = (
				0B1A2818453527446257F3C0 /* Pods-ExRx.debug.xcconfig */,
				5DEFBBE3233F4F70E368B5F6 /* Pods-ExRx.release.xcconfig */,
			);
			name = Pods;
			path = Pods;
			sourceTree = "<group>";
		};
		D305E13AB6BF1C9CCB0C030C /* Frameworks */ = {
			isa = PBXGroup;
			children = (
				973F66254AD5634983622630 /* Pods_ExRx.framework */,
			);
			name = Frameworks;
			sourceTree = "<group>";
		};
/* End PBXGroup section */

/* Begin PBXNativeTarget section */
		186085C42410452500652C4D /* ExRx */ = {
			isa = PBXNativeTarget;
			buildConfigurationList = 186085D92410452900652C4D /* Build configuration list for PBXNativeTarget "ExRx" */;
			buildPhases = (
				E47AA46A4CD143C94488E17F /* [CP] Check Pods Manifest.lock */,
				186085C12410452500652C4D /* Sources */,
				186085C22410452500652C4D /* Frameworks */,
				186085C32410452500652C4D /* Resources */,
				DB5659608AB356A391C532FC /* [CP] Embed Pods Frameworks */,
			);
			buildRules = (
			);
			dependencies = (
			);
			name = ExRx;
			productName = ExRx;
			productReference = 186085C52410452500652C4D /* ExRx.app */;
			productType = "com.apple.product-type.application";
		};
/* End PBXNativeTarget section */

/* Begin PBXProject section */
		186085BD2410452500652C4D /* Project object */ = {
			isa = PBXProject;
			attributes = {
				LastSwiftUpdateCheck = 1130;
				LastUpgradeCheck = 1130;
				ORGANIZATIONNAME = yamolean;
				TargetAttributes = {
					186085C42410452500652C4D = {
						CreatedOnToolsVersion = 11.3.1;
					};
				};
			};
			buildConfigurationList = 186085C02410452500652C4D /* Build configuration list for PBXProject "ExRx" */;
			compatibilityVersion = "Xcode 9.3";
			developmentRegion = en;
			hasScannedForEncodings = 0;
			knownRegions = (
				en,
				Base,
			);
			mainGroup = 186085BC2410452500652C4D;
			productRefGroup = 186085C62410452500652C4D /* Products */;
			projectDirPath = "";
			projectRoot = "";
			targets = (
				186085C42410452500652C4D /* ExRx */,
			);
		};
/* End PBXProject section */

/* Begin PBXResourcesBuildPhase section */
		186085C32410452500652C4D /* Resources */ = {
			isa = PBXResourcesBuildPhase;
			buildActionMask = 2147483647;
			files = (
				186085D52410452900652C4D /* LaunchScreen.storyboard in Resources */,
				186085D22410452900652C4D /* Assets.xcassets in Resources */,
				186085D02410452500652C4D /* Main.storyboard in Resources */,
			);
			runOnlyForDeploymentPostprocessing = 0;
		};
/* End PBXResourcesBuildPhase section */

/* Begin PBXShellScriptBuildPhase section */
		DB5659608AB356A391C532FC /* [CP] Embed Pods Frameworks */ = {
			isa = PBXShellScriptBuildPhase;
			buildActionMask = 2147483647;
			files = (
			);
			inputFileListPaths = (
				"${PODS_ROOT}/Target Support Files/Pods-ExRx/Pods-ExRx-frameworks-${CONFIGURATION}-input-files.xcfilelist",
			);
			name = "[CP] Embed Pods Frameworks";
			outputFileListPaths = (
				"${PODS_ROOT}/Target Support Files/Pods-ExRx/Pods-ExRx-frameworks-${CONFIGURATION}-output-files.xcfilelist",
			);
			runOnlyForDeploymentPostprocessing = 0;
			shellPath = /bin/sh;
			shellScript = "\"${PODS_ROOT}/Target Support Files/Pods-ExRx/Pods-ExRx-frameworks.sh\"\n";
			showEnvVarsInLog = 0;
		};
		E47AA46A4CD143C94488E17F /* [CP] Check Pods Manifest.lock */ = {
			isa = PBXShellScriptBuildPhase;
			buildActionMask = 2147483647;
			files = (
			);
			inputFileListPaths = (
			);
			inputPaths = (
				"${PODS_PODFILE_DIR_PATH}/Podfile.lock",
				"${PODS_ROOT}/Manifest.lock",
			);
			name = "[CP] Check Pods Manifest.lock";
			outputFileListPaths = (
			);
			outputPaths = (
				"$(DERIVED_FILE_DIR)/Pods-ExRx-checkManifestLockResult.txt",
			);
			runOnlyForDeploymentPostprocessing = 0;
			shellPath = /bin/sh;
			shellScript = "diff \"${PODS_PODFILE_DIR_PATH}/Podfile.lock\" \"${PODS_ROOT}/Manifest.lock\" > /dev/null\nif [ $? != 0 ] ; then\n    # print error to STDERR\n    echo \"error: The sandbox is not in sync with the Podfile.lock. Run 'pod install' or update your CocoaPods installation.\" >&2\n    exit 1\nfi\n# This output is used by Xcode 'outputs' to avoid re-running this script phase.\necho \"SUCCESS\" > \"${SCRIPT_OUTPUT_FILE_0}\"\n";
			showEnvVarsInLog = 0;
		};
/* End PBXShellScriptBuildPhase section */

/* Begin PBXSourcesBuildPhase section */
		186085C12410452500652C4D /* Sources */ = {
			isa = PBXSourcesBuildPhase;
			buildActionMask = 2147483647;
			files = (
				186085CD2410452500652C4D /* ViewController.swift in Sources */,
				186085C92410452500652C4D /* AppDelegate.swift in Sources */,
				186085DD2410453A00652C4D /* BottomReachedTrigger.swift in Sources */,
				186085CB2410452500652C4D /* SceneDelegate.swift in Sources */,
			);
			runOnlyForDeploymentPostprocessing = 0;
		};
/* End PBXSourcesBuildPhase section */

/* Begin PBXVariantGroup section */
		186085CE2410452500652C4D /* Main.storyboard */ = {
			isa = PBXVariantGroup;
			children = (
				186085CF2410452500652C4D /* Base */,
			);
			name = Main.storyboard;
			sourceTree = "<group>";
		};
		186085D32410452900652C4D /* LaunchScreen.storyboard */ = {
			isa = PBXVariantGroup;
			children = (
				186085D42410452900652C4D /* Base */,
			);
			name = LaunchScreen.storyboard;
			sourceTree = "<group>";
		};
/* End PBXVariantGroup section */

/* Begin XCBuildConfiguration section */
		186085D72410452900652C4D /* Debug */ = {
			isa = XCBuildConfiguration;
			buildSettings = {
				ALWAYS_SEARCH_USER_PATHS = NO;
				CLANG_ANALYZER_NONNULL = YES;
				CLANG_ANALYZER_NUMBER_OBJECT_CONVERSION = YES_AGGRESSIVE;
				CLANG_CXX_LANGUAGE_STANDARD = "gnu++14";
				CLANG_CXX_LIBRARY = "libc++";
				CLANG_ENABLE_MODULES = YES;
				CLANG_ENABLE_OBJC_ARC = YES;
				CLANG_ENABLE_OBJC_WEAK = YES;
				CLANG_WARN_BLOCK_CAPTURE_AUTORELEASING = YES;
				CLANG_WARN_BOOL_CONVERSION = YES;
				CLANG_WARN_COMMA = YES;
				CLANG_WARN_CONSTANT_CONVERSION = YES;
				CLANG_WARN_DEPRECATED_OBJC_IMPLEMENTATIONS = YES;
				CLANG_WARN_DIRECT_OBJC_ISA_USAGE = YES_ERROR;
				CLANG_WARN_DOCUMENTATION_COMMENTS = YES;
				CLANG_WARN_EMPTY_BODY = YES;
				CLANG_WARN_ENUM_CONVERSION = YES;
				CLANG_WARN_INFINITE_RECURSION = YES;
				CLANG_WARN_INT_CONVERSION = YES;
				CLANG_WARN_NON_LITERAL_NULL_CONVERSION = YES;
				CLANG_WARN_OBJC_IMPLICIT_RETAIN_SELF = YES;
				CLANG_WARN_OBJC_LITERAL_CONVERSION = YES;
				CLANG_WARN_OBJC_ROOT_CLASS = YES_ERROR;
				CLANG_WARN_RANGE_LOOP_ANALYSIS = YES;
				CLANG_WARN_STRICT_PROTOTYPES = YES;
				CLANG_WARN_SUSPICIOUS_MOVE = YES;
				CLANG_WARN_UNGUARDED_AVAILABILITY = YES_AGGRESSIVE;
				CLANG_WARN_UNREACHABLE_CODE = YES;
				CLANG_WARN__DUPLICATE_METHOD_MATCH = YES;
				COPY_PHASE_STRIP = NO;
				DEBUG_INFORMATION_FORMAT = dwarf;
				ENABLE_STRICT_OBJC_MSGSEND = YES;
				ENABLE_TESTABILITY = YES;
				GCC_C_LANGUAGE_STANDARD = gnu11;
				GCC_DYNAMIC_NO_PIC = NO;
				GCC_NO_COMMON_BLOCKS = YES;
				GCC_OPTIMIZATION_LEVEL = 0;
				GCC_PREPROCESSOR_DEFINITIONS = (
					"DEBUG=1",
					"$(inherited)",
				);
				GCC_WARN_64_TO_32_BIT_CONVERSION = YES;
				GCC_WARN_ABOUT_RETURN_TYPE = YES_ERROR;
				GCC_WARN_UNDECLARED_SELECTOR = YES;
				GCC_WARN_UNINITIALIZED_AUTOS = YES_AGGRESSIVE;
				GCC_WARN_UNUSED_FUNCTION = YES;
				GCC_WARN_UNUSED_VARIABLE = YES;
				IPHONEOS_DEPLOYMENT_TARGET = 13.2;
				MTL_ENABLE_DEBUG_INFO = INCLUDE_SOURCE;
				MTL_FAST_MATH = YES;
				ONLY_ACTIVE_ARCH = YES;
				SDKROOT = iphoneos;
				SWIFT_ACTIVE_COMPILATION_CONDITIONS = DEBUG;
				SWIFT_OPTIMIZATION_LEVEL = "-Onone";
			};
			name = Debug;
		};
		186085D82410452900652C4D /* Release */ = {
			isa = XCBuildConfiguration;
			buildSettings = {
				ALWAYS_SEARCH_USER_PATHS = NO;
				CLANG_ANALYZER_NONNULL = YES;
				CLANG_ANALYZER_NUMBER_OBJECT_CONVERSION = YES_AGGRESSIVE;
				CLANG_CXX_LANGUAGE_STANDARD = "gnu++14";
				CLANG_CXX_LIBRARY = "libc++";
				CLANG_ENABLE_MODULES = YES;
				CLANG_ENABLE_OBJC_ARC = YES;
				CLANG_ENABLE_OBJC_WEAK = YES;
				CLANG_WARN_BLOCK_CAPTURE_AUTORELEASING = YES;
				CLANG_WARN_BOOL_CONVERSION = YES;
				CLANG_WARN_COMMA = YES;
				CLANG_WARN_CONSTANT_CONVERSION = YES;
				CLANG_WARN_DEPRECATED_OBJC_IMPLEMENTATIONS = YES;
				CLANG_WARN_DIRECT_OBJC_ISA_USAGE = YES_ERROR;
				CLANG_WARN_DOCUMENTATION_COMMENTS = YES;
				CLANG_WARN_EMPTY_BODY = YES;
				CLANG_WARN_ENUM_CONVERSION = YES;
				CLANG_WARN_INFINITE_RECURSION = YES;
				CLANG_WARN_INT_CONVERSION = YES;
				CLANG_WARN_NON_LITERAL_NULL_CONVERSION = YES;
				CLANG_WARN_OBJC_IMPLICIT_RETAIN_SELF = YES;
				CLANG_WARN_OBJC_LITERAL_CONVERSION = YES;
				CLANG_WARN_OBJC_ROOT_CLASS = YES_ERROR;
				CLANG_WARN_RANGE_LOOP_ANALYSIS = YES;
				CLANG_WARN_STRICT_PROTOTYPES = YES;
				CLANG_WARN_SUSPICIOUS_MOVE = YES;
				CLANG_WARN_UNGUARDED_AVAILABILITY = YES_AGGRESSIVE;
				CLANG_WARN_UNREACHABLE_CODE = YES;
				CLANG_WARN__DUPLICATE_METHOD_MATCH = YES;
				COPY_PHASE_STRIP = NO;
				DEBUG_INFORMATION_FORMAT = "dwarf-with-dsym";
				ENABLE_NS_ASSERTIONS = NO;
				ENABLE_STRICT_OBJC_MSGSEND = YES;
				GCC_C_LANGUAGE_STANDARD = gnu11;
				GCC_NO_COMMON_BLOCKS = YES;
				GCC_WARN_64_TO_32_BIT_CONVERSION = YES;
				GCC_WARN_ABOUT_RETURN_TYPE = YES_ERROR;
				GCC_WARN_UNDECLARED_SELECTOR = YES;
				GCC_WARN_UNINITIALIZED_AUTOS = YES_AGGRESSIVE;
				GCC_WARN_UNUSED_FUNCTION = YES;
				GCC_WARN_UNUSED_VARIABLE = YES;
				IPHONEOS_DEPLOYMENT_TARGET = 13.2;
				MTL_ENABLE_DEBUG_INFO = NO;
				MTL_FAST_MATH = YES;
				SDKROOT = iphoneos;
				SWIFT_COMPILATION_MODE = wholemodule;
				SWIFT_OPTIMIZATION_LEVEL = "-O";
				VALIDATE_PRODUCT = YES;
			};
			name = Release;
		};
		186085DA2410452900652C4D /* Debug */ = {
			isa = XCBuildConfiguration;
			baseConfigurationReference = 0B1A2818453527446257F3C0 /* Pods-ExRx.debug.xcconfig */;
			buildSettings = {
				ASSETCATALOG_COMPILER_APPICON_NAME = AppIcon;
				CODE_SIGN_STYLE = Automatic;
				INFOPLIST_FILE = ExRx/Info.plist;
				LD_RUNPATH_SEARCH_PATHS = (
					"$(inherited)",
					"@executable_path/Frameworks",
				);
				PRODUCT_BUNDLE_IDENTIFIER = yamolean.ExRx;
				PRODUCT_NAME = "$(TARGET_NAME)";
				SWIFT_VERSION = 5.0;
				TARGETED_DEVICE_FAMILY = "1,2";
			};
			name = Debug;
		};
		186085DB2410452900652C4D /* Release */ = {
			isa = XCBuildConfiguration;
			baseConfigurationReference = 5DEFBBE3233F4F70E368B5F6 /* Pods-ExRx.release.xcconfig */;
			buildSettings = {
				ASSETCATALOG_COMPILER_APPICON_NAME = AppIcon;
				CODE_SIGN_STYLE = Automatic;
				INFOPLIST_FILE = ExRx/Info.plist;
				LD_RUNPATH_SEARCH_PATHS = (
					"$(inherited)",
					"@executable_path/Frameworks",
				);
				PRODUCT_BUNDLE_IDENTIFIER = yamolean.ExRx;
				PRODUCT_NAME = "$(TARGET_NAME)";
				SWIFT_VERSION = 5.0;
				TARGETED_DEVICE_FAMILY = "1,2";
			};
			name = Release;
		};
/* End XCBuildConfiguration section */

/* Begin XCConfigurationList section */
		186085C02410452500652C4D /* Build configuration list for PBXProject "ExRx" */ = {
			isa = XCConfigurationList;
			buildConfigurations = (
				186085D72410452900652C4D /* Debug */,
				186085D82410452900652C4D /* Release */,
			);
			defaultConfigurationIsVisible = 0;
			defaultConfigurationName = Release;
		};
		186085D92410452900652C4D /* Build configuration list for PBXNativeTarget "ExRx" */ = {
			isa = XCConfigurationList;
			buildConfigurations = (
				186085DA2410452900652C4D /* Debug */,
				186085DB2410452900652C4D /* Release */,
			);
			defaultConfigurationIsVisible = 0;
			defaultConfigurationName = Release;
		};
/* End XCConfigurationList section */
	};
	rootObject = 186085BD2410452500652C4D /* Project object */;
}
